
Microsoft Visual Studio Solution File, Format Version 12.00
# Visual Studio Version 17
VisualStudioVersion = 17.1.32228.430
MinimumVisualStudioVersion = 10.0.40219.1
Project("{9A19103F-16F7-4668-BE54-9A1E7A4F7556}") = "CreateDB", "CreateDB\CreateDB.csproj", "{077081CA-5246-4EC6-ADBA-22D35A2072EC}"
EndProject
Project("{9A19103F-16F7-4668-BE54-9A1E7A4F7556}") = "Database connection", "Database connection\Database connection.csproj", "{3E298641-7FE2-4B6F-B6EB-5334174FDE27}"
EndProject
Project("{FAE04EC0-301F-11D3-BF4B-00C04F79EFBC}") = "DatabaseManagement", "DatabaseManagement\DatabaseManagement.csproj", "{14ED485A-904C-42AF-BD25-CD94899FC66C}"
EndProject
Global
	GlobalSection(SolutionConfigurationPlatforms) = preSolution
		Debug|Any CPU = Debug|Any CPU
		Release|Any CPU = Release|Any CPU
	EndGlobalSection
	GlobalSection(ProjectConfigurationPlatforms) = postSolution
		{077081CA-5246-4EC6-ADBA-22D35A2072EC}.Debug|Any CPU.ActiveCfg = Debug|Any CPU
		{077081CA-5246-4EC6-ADBA-22D35A2072EC}.Debug|Any CPU.Build.0 = Debug|Any CPU
		{077081CA-5246-4EC6-ADBA-22D35A2072EC}.Release|Any CPU.ActiveCfg = Release|Any CPU
		{077081CA-5246-4EC6-ADBA-22D35A2072EC}.Release|Any CPU.Build.0 = Release|Any CPU
		{3E298641-7FE2-4B6F-B6EB-5334174FDE27}.Debug|Any CPU.ActiveCfg = Debug|Any CPU
		{3E298641-7FE2-4B6F-B6EB-5334174FDE27}.Debug|Any CPU.Build.0 = Debug|Any CPU
		{3E298641-7FE2-4B6F-B6EB-5334174FDE27}.Release|Any CPU.ActiveCfg = Release|Any CPU
		{3E298641-7FE2-4B6F-B6EB-5334174FDE27}.Release|Any CPU.Build.0 = Release|Any CPU
		{14ED485A-904C-42AF-BD25-CD94899FC66C}.Debug|Any CPU.ActiveCfg = Debug|Any CPU
		{14ED485A-904C-42AF-BD25-CD94899FC66C}.Debug|Any CPU.Build.0 = Debug|Any CPU
		{14ED485A-904C-42AF-BD25-CD94899FC66C}.Release|Any CPU.ActiveCfg = Release|Any CPU
		{14ED485A-904C-42AF-BD25-CD94899FC66C}.Release|Any CPU.Build.0 = Release|Any CPU
	EndGlobalSection
	GlobalSection(SolutionProperties) = preSolution
		HideSolutionNode = FALSE
	EndGlobalSection
	GlobalSection(ExtensibilityGlobals) = postSolution
		SolutionGuid = {CA4FAEA5-01D9-475A-B43E-69BCE103837E}
	EndGlobalSection
EndGlobal
